
Microsoft Visual Studio Solution File, Format Version 12.00
# Visual Studio Version 17
VisualStudioVersion = 17.5.33424.131
MinimumVisualStudioVersion = 10.0.40219.1
Project("{8BC9CEB8-8B4A-11D0-8D11-00A0C91BC942}") = "day08_00", "day08_00\day08_00.vcxproj", "{F98BA276-31C8-4FF1-B7D6-3EF60BD9F345}"
EndProject
Project("{8BC9CEB8-8B4A-11D0-8D11-00A0C91BC942}") = "day08_01", "day08_01\day08_01.vcxproj", "{F1AA3356-D0E6-4CB3-86EC-09AEF4C47544}"
EndProject
Project("{8BC9CEB8-8B4A-11D0-8D11-00A0C91BC942}") = "day08_02", "day08_02\day08_02.vcxproj", "{DBFE6ACE-374D-4611-A5C2-1C8C37DABBB1}"
EndProject
Global
	GlobalSection(SolutionConfigurationPlatforms) = preSolution
		Debug|x64 = Debug|x64
		Debug|x86 = Debug|x86
		Release|x64 = Release|x64
		Release|x86 = Release|x86
	EndGlobalSection
	GlobalSection(ProjectConfigurationPlatforms) = postSolution
		{F98BA276-31C8-4FF1-B7D6-3EF60BD9F345}.Debug|x64.ActiveCfg = Debug|x64
		{F98BA276-31C8-4FF1-B7D6-3EF60BD9F345}.Debug|x64.Build.0 = Debug|x64
		{F98BA276-31C8-4FF1-B7D6-3EF60BD9F345}.Debug|x86.ActiveCfg = Debug|Win32
		{F98BA276-31C8-4FF1-B7D6-3EF60BD9F345}.Debug|x86.Build.0 = Debug|Win32
		{F98BA276-31C8-4FF1-B7D6-3EF60BD9F345}.Release|x64.ActiveCfg = Release|x64
		{F98BA276-31C8-4FF1-B7D6-3EF60BD9F345}.Release|x64.Build.0 = Release|x64
		{F98BA276-31C8-4FF1-B7D6-3EF60BD9F345}.Release|x86.ActiveCfg = Release|Win32
		{F98BA276-31C8-4FF1-B7D6-3EF60BD9F345}.Release|x86.Build.0 = Release|Win32
		{F1AA3356-D0E6-4CB3-86EC-09AEF4C47544}.Debug|x64.ActiveCfg = Debug|x64
		{F1AA3356-D0E6-4CB3-86EC-09AEF4C47544}.Debug|x64.Build.0 = Debug|x64
		{F1AA3356-D0E6-4CB3-86EC-09AEF4C47544}.Debug|x86.ActiveCfg = Debug|Win32
		{F1AA3356-D0E6-4CB3-86EC-09AEF4C47544}.Debug|x86.Build.0 = Debug|Win32
		{F1AA3356-D0E6-4CB3-86EC-09AEF4C47544}.Release|x64.ActiveCfg = Release|x64
		{F1AA3356-D0E6-4CB3-86EC-09AEF4C47544}.Release|x64.Build.0 = Release|x64
		{F1AA3356-D0E6-4CB3-86EC-09AEF4C47544}.Release|x86.ActiveCfg = Release|Win32
		{F1AA3356-D0E6-4CB3-86EC-09AEF4C47544}.Release|x86.Build.0 = Release|Win32
		{DBFE6ACE-374D-4611-A5C2-1C8C37DABBB1}.Debug|x64.ActiveCfg = Debug|x64
		{DBFE6ACE-374D-4611-A5C2-1C8C37DABBB1}.Debug|x64.Build.0 = Debug|x64
		{DBFE6ACE-374D-4611-A5C2-1C8C37DABBB1}.Debug|x86.ActiveCfg = Debug|Win32
		{DBFE6ACE-374D-4611-A5C2-1C8C37DABBB1}.Debug|x86.Build.0 = Debug|Win32
		{DBFE6ACE-374D-4611-A5C2-1C8C37DABBB1}.Release|x64.ActiveCfg = Release|x64
		{DBFE6ACE-374D-4611-A5C2-1C8C37DABBB1}.Release|x64.Build.0 = Release|x64
		{DBFE6ACE-374D-4611-A5C2-1C8C37DABBB1}.Release|x86.ActiveCfg = Release|Win32
		{DBFE6ACE-374D-4611-A5C2-1C8C37DABBB1}.Release|x86.Build.0 = Release|Win32
	EndGlobalSection
	GlobalSection(SolutionProperties) = preSolution
		HideSolutionNode = FALSE
	EndGlobalSection
	GlobalSection(ExtensibilityGlobals) = postSolution
		SolutionGuid = {A51CFDB5-70AD-492B-90B9-422DED88C700}
	EndGlobalSection
EndGlobal
